
Microsoft Visual Studio Solution File, Format Version 12.00
# Visual Studio Version 17
VisualStudioVersion = 17.7.34202.233
MinimumVisualStudioVersion = 10.0.40219.1
Project("{FAE04EC0-301F-11D3-BF4B-00C04F79EFBC}") = "EADInfo", "EADInfo\EADInfo.csproj", "{7AC133EC-4610-4BB1-BE8B-A843E5A3545E}"
EndProject
Global
	GlobalSection(SolutionConfigurationPlatforms) = preSolution
		Debug|Any CPU = Debug|Any CPU
		Release|Any CPU = Release|Any CPU
	EndGlobalSection
	GlobalSection(ProjectConfigurationPlatforms) = postSolution
		{7AC133EC-4610-4BB1-BE8B-A843E5A3545E}.Debug|Any CPU.ActiveCfg = Debug|Any CPU
		{7AC133EC-4610-4BB1-BE8B-A843E5A3545E}.Debug|Any CPU.Build.0 = Debug|Any CPU
		{7AC133EC-4610-4BB1-BE8B-A843E5A3545E}.Release|Any CPU.ActiveCfg = Release|Any CPU
		{7AC133EC-4610-4BB1-BE8B-A843E5A3545E}.Release|Any CPU.Build.0 = Release|Any CPU
	EndGlobalSection
	GlobalSection(SolutionProperties) = preSolution
		HideSolutionNode = FALSE
	EndGlobalSection
	GlobalSection(ExtensibilityGlobals) = postSolution
		SolutionGuid = {22F35E87-D82E-4C63-A0CC-AA5C7E01B176}
	EndGlobalSection
EndGlobal
